
Microsoft Visual Studio Solution File, Format Version 12.00
# Visual Studio Version 16
VisualStudioVersion = 16.0.31515.178
MinimumVisualStudioVersion = 10.0.40219.1
Project("{9A19103F-16F7-4668-BE54-9A1E7A4F7556}") = "SignalR.API", "SignalR.API\SignalR.API.csproj", "{0281F44A-2CF5-4B64-B332-F5B006521CE5}"
EndProject
Project("{FAE04EC0-301F-11D3-BF4B-00C04F79EFBC}") = "SignalR.API.Web", "SignalR.API.Web\SignalR.API.Web.csproj", "{4FF0F618-3301-4117-9C60-BD6D090A0061}"
EndProject
Global
	GlobalSection(SolutionConfigurationPlatforms) = preSolution
		Debug|Any CPU = Debug|Any CPU
		Release|Any CPU = Release|Any CPU
	EndGlobalSection
	GlobalSection(ProjectConfigurationPlatforms) = postSolution
		{0281F44A-2CF5-4B64-B332-F5B006521CE5}.Debug|Any CPU.ActiveCfg = Debug|Any CPU
		{0281F44A-2CF5-4B64-B332-F5B006521CE5}.Debug|Any CPU.Build.0 = Debug|Any CPU
		{0281F44A-2CF5-4B64-B332-F5B006521CE5}.Release|Any CPU.ActiveCfg = Release|Any CPU
		{0281F44A-2CF5-4B64-B332-F5B006521CE5}.Release|Any CPU.Build.0 = Release|Any CPU
		{4FF0F618-3301-4117-9C60-BD6D090A0061}.Debug|Any CPU.ActiveCfg = Debug|Any CPU
		{4FF0F618-3301-4117-9C60-BD6D090A0061}.Debug|Any CPU.Build.0 = Debug|Any CPU
		{4FF0F618-3301-4117-9C60-BD6D090A0061}.Release|Any CPU.ActiveCfg = Release|Any CPU
		{4FF0F618-3301-4117-9C60-BD6D090A0061}.Release|Any CPU.Build.0 = Release|Any CPU
	EndGlobalSection
	GlobalSection(SolutionProperties) = preSolution
		HideSolutionNode = FALSE
	EndGlobalSection
	GlobalSection(ExtensibilityGlobals) = postSolution
		SolutionGuid = {EA25CB0F-EBD9-4CBF-A7E9-C05FABED6BB1}
	EndGlobalSection
EndGlobal
